
Microsoft Visual Studio Solution File, Format Version 12.00
# Visual Studio Version 16
VisualStudioVersion = 16.0.31205.134
MinimumVisualStudioVersion = 10.0.40219.1
Project("{FAE04EC0-301F-11D3-BF4B-00C04F79EFBC}") = "PhoneBook", "PhoneBook.csproj", "{ADFF9BF7-7261-47F1-A2D8-5A78E14B9543}"
EndProject
Global
	GlobalSection(SolutionConfigurationPlatforms) = preSolution
		Debug|Any CPU = Debug|Any CPU
		Release|Any CPU = Release|Any CPU
	EndGlobalSection
	GlobalSection(ProjectConfigurationPlatforms) = postSolution
		{ADFF9BF7-7261-47F1-A2D8-5A78E14B9543}.Debug|Any CPU.ActiveCfg = Debug|Any CPU
		{ADFF9BF7-7261-47F1-A2D8-5A78E14B9543}.Debug|Any CPU.Build.0 = Debug|Any CPU
		{ADFF9BF7-7261-47F1-A2D8-5A78E14B9543}.Release|Any CPU.ActiveCfg = Release|Any CPU
		{ADFF9BF7-7261-47F1-A2D8-5A78E14B9543}.Release|Any CPU.Build.0 = Release|Any CPU
	EndGlobalSection
	GlobalSection(SolutionProperties) = preSolution
		HideSolutionNode = FALSE
	EndGlobalSection
	GlobalSection(ExtensibilityGlobals) = postSolution
		SolutionGuid = {B3A9E39B-3236-4F11-8324-9B423EF950E7}
	EndGlobalSection
EndGlobal
